{
  "name": "@kj800x/localproxy-cli",
  "version": "0.0.4",
  "lockfileVersion": 1,
  "requires": true,
  "dependencies": {
    "@kj800x/localproxy-client": {
      "version": "0.0.4",
      "resolved": "https://registry.npmjs.org/@kj800x/localproxy-client/-/localproxy-client-0.0.4.tgz",
      "integrity": "sha512-rFsk6KbtIWOavCPigrUw6OTx2/y8eqWsPHciBilFAKUrJY6YlSwEZrzOc+B/AOAAn+XuHStRXxMKXZNrUaosnA=="
    }
  }
}
