{
  "name": "@kj800x/localproxy-cli",
  "version": "0.0.2",
  "lockfileVersion": 1,
  "requires": true,
  "dependencies": {
    "@kj800x/localproxy-client": {
      "version": "0.0.2",
      "resolved": "https://registry.npmjs.org/@kj800x/localproxy-client/-/localproxy-client-0.0.2.tgz",
      "integrity": "sha512-D6URKVIA2sZ5L1wGlC728jzVsSVrgm57/AkwYQaXF87Rga4ori0uGKTLjREP6/hWkbdCgkZiRF2rKg7xlYuhzg=="
    }
  }
}
